
Microsoft Visual Studio Solution File, Format Version 12.00
# Visual Studio Version 16
VisualStudioVersion = 16.0.31129.286
MinimumVisualStudioVersion = 10.0.40219.1
Project("{FAE04EC0-301F-11D3-BF4B-00C04F79EFBC}") = "Biblioteka", "Biblioteka\Biblioteka.csproj", "{4F555D67-AF14-4D98-A3D8-4F494F7B5F40}"
EndProject
Project("{FAE04EC0-301F-11D3-BF4B-00C04F79EFBC}") = "WebGuest", "WebGuest\WebGuest.csproj", "{0EA04BC3-CD9F-4C4E-8CD1-14E82DB800D0}"
EndProject
Project("{FAE04EC0-301F-11D3-BF4B-00C04F79EFBC}") = "BibliotekaModel", "BibliotekaModel\BibliotekaModel.csproj", "{70516B69-F409-49DB-A3A3-FEEC8944947E}"
EndProject
Project("{54435603-DBB4-11D2-8724-00A0C9A8B90C}") = "BibliotekaWebInstalator", "BibliotekaWeb\BibliotekaWeb.vdproj", "{68254C28-712C-4579-810D-0F95FCE4C09E}"
EndProject
Project("{FAE04EC0-301F-11D3-BF4B-00C04F79EFBC}") = "BibliotekaService", "BibliotekaService\BibliotekaService.csproj", "{9E1EFDA9-8B80-46F2-823C-CD9D577D7410}"
EndProject
Global
	GlobalSection(SolutionConfigurationPlatforms) = preSolution
		Debug|Any CPU = Debug|Any CPU
		Release|Any CPU = Release|Any CPU
	EndGlobalSection
	GlobalSection(ProjectConfigurationPlatforms) = postSolution
		{4F555D67-AF14-4D98-A3D8-4F494F7B5F40}.Debug|Any CPU.ActiveCfg = Debug|Any CPU
		{4F555D67-AF14-4D98-A3D8-4F494F7B5F40}.Debug|Any CPU.Build.0 = Debug|Any CPU
		{4F555D67-AF14-4D98-A3D8-4F494F7B5F40}.Release|Any CPU.ActiveCfg = Release|Any CPU
		{4F555D67-AF14-4D98-A3D8-4F494F7B5F40}.Release|Any CPU.Build.0 = Release|Any CPU
		{0EA04BC3-CD9F-4C4E-8CD1-14E82DB800D0}.Debug|Any CPU.ActiveCfg = Debug|Any CPU
		{0EA04BC3-CD9F-4C4E-8CD1-14E82DB800D0}.Debug|Any CPU.Build.0 = Debug|Any CPU
		{0EA04BC3-CD9F-4C4E-8CD1-14E82DB800D0}.Release|Any CPU.ActiveCfg = Release|Any CPU
		{0EA04BC3-CD9F-4C4E-8CD1-14E82DB800D0}.Release|Any CPU.Build.0 = Release|Any CPU
		{70516B69-F409-49DB-A3A3-FEEC8944947E}.Debug|Any CPU.ActiveCfg = Debug|Any CPU
		{70516B69-F409-49DB-A3A3-FEEC8944947E}.Debug|Any CPU.Build.0 = Debug|Any CPU
		{70516B69-F409-49DB-A3A3-FEEC8944947E}.Release|Any CPU.ActiveCfg = Release|Any CPU
		{70516B69-F409-49DB-A3A3-FEEC8944947E}.Release|Any CPU.Build.0 = Release|Any CPU
		{68254C28-712C-4579-810D-0F95FCE4C09E}.Debug|Any CPU.ActiveCfg = Debug
		{68254C28-712C-4579-810D-0F95FCE4C09E}.Release|Any CPU.ActiveCfg = Release
		{9E1EFDA9-8B80-46F2-823C-CD9D577D7410}.Debug|Any CPU.ActiveCfg = Debug|Any CPU
		{9E1EFDA9-8B80-46F2-823C-CD9D577D7410}.Debug|Any CPU.Build.0 = Debug|Any CPU
		{9E1EFDA9-8B80-46F2-823C-CD9D577D7410}.Release|Any CPU.ActiveCfg = Release|Any CPU
		{9E1EFDA9-8B80-46F2-823C-CD9D577D7410}.Release|Any CPU.Build.0 = Release|Any CPU
	EndGlobalSection
	GlobalSection(SolutionProperties) = preSolution
		HideSolutionNode = FALSE
	EndGlobalSection
	GlobalSection(ExtensibilityGlobals) = postSolution
		SolutionGuid = {E94901FC-3FFB-4FA4-94D3-D8D4599D2F50}
	EndGlobalSection
EndGlobal
